// !$*UTF8*$!
{
	archiveVersion = 1;
	classes = {
	};
	objectVersion = 50;
	objects = {

/* Begin PBXBuildFile section */
		98242512212ECB0D0006876D /* AppDelegate.m in Sources */ = {isa = PBXBuildFile; fileRef = 98242511212ECB0D0006876D /* AppDelegate.m */; };
		98242515212ECB0D0006876D /* ViewController.m in Sources */ = {isa = PBXBuildFile; fileRef = 98242514212ECB0D0006876D /* ViewController.m */; };
		98242518212ECB0D0006876D /* Main.storyboard in Resources */ = {isa = PBXBuildFile; fileRef = 98242516212ECB0D0006876D /* Main.storyboard */; };
		9824251A212ECB0F0006876D /* Assets.xcassets in Resources */ = {isa = PBXBuildFile; fileRef = 98242519212ECB0F0006876D /* Assets.xcassets */; };
		9824251D212ECB0F0006876D /* LaunchScreen.storyboard in Resources */ = {isa = PBXBuildFile; fileRef = 9824251B212ECB0F0006876D /* LaunchScreen.storyboard */; };
		98242520212ECB0F0006876D /* main.m in Sources */ = {isa = PBXBuildFile; fileRef = 9824251F212ECB0F0006876D /* main.m */; };
		9824252A212ECB0F0006876D /* SNNavigationControllerTests.m in Sources */ = {isa = PBXBuildFile; fileRef = 98242529212ECB0F0006876D /* SNNavigationControllerTests.m */; };
		98242535212ECB0F0006876D /* SNNavigationControllerUITests.m in Sources */ = {isa = PBXBuildFile; fileRef = 98242534212ECB0F0006876D /* SNNavigationControllerUITests.m */; };
		98242544212ECBB50006876D /* SNNavigationController.m in Sources */ = {isa = PBXBuildFile; fileRef = 98242543212ECBB50006876D /* SNNavigationController.m */; };
/* End PBXBuildFile section */

/* Begin PBXContainerItemProxy section */
		98242526212ECB0F0006876D /* PBXContainerItemProxy */ = {
			isa = PBXContainerItemProxy;
			containerPortal = 98242505212ECB0C0006876D /* Project object */;
			proxyType = 1;
			remoteGlobalIDString = 9824250C212ECB0D0006876D;
			remoteInfo = SNNavigationController;
		};
		98242531212ECB0F0006876D /* PBXContainerItemProxy */ = {
			isa = PBXContainerItemProxy;
			containerPortal = 98242505212ECB0C0006876D /* Project object */;
			proxyType = 1;
			remoteGlobalIDString = 9824250C212ECB0D0006876D;
			remoteInfo = SNNavigationController;
		};
/* End PBXContainerItemProxy section */

/* Begin PBXFileReference section */
		9824250D212ECB0D0006876D /* SNNavigationController.app */ = {isa = PBXFileReference; explicitFileType = wrapper.application; includeInIndex = 0; path = SNNavigationController.app; sourceTree = BUILT_PRODUCTS_DIR; };
		98242510212ECB0D0006876D /* AppDelegate.h */ = {isa = PBXFileReference; lastKnownFileType = sourcecode.c.h; path = AppDelegate.h; sourceTree = "<group>"; };
		98242511212ECB0D0006876D /* AppDelegate.m */ = {isa = PBXFileReference; lastKnownFileType = sourcecode.c.objc; path = AppDelegate.m; sourceTree = "<group>"; };
		98242513212ECB0D0006876D /* ViewController.h */ = {isa = PBXFileReference; lastKnownFileType = sourcecode.c.h; path = ViewController.h; sourceTree = "<group>"; };
		98242514212ECB0D0006876D /* ViewController.m */ = {isa = PBXFileReference; lastKnownFileType = sourcecode.c.objc; path = ViewController.m; sourceTree = "<group>"; };
		98242517212ECB0D0006876D /* Base */ = {isa = PBXFileReference; lastKnownFileType = file.storyboard; name = Base; path = Base.lproj/Main.storyboard; sourceTree = "<group>"; };
		98242519212ECB0F0006876D /* Assets.xcassets */ = {isa = PBXFileReference; lastKnownFileType = folder.assetcatalog; path = Assets.xcassets; sourceTree = "<group>"; };
		9824251C212ECB0F0006876D /* Base */ = {isa = PBXFileReference; lastKnownFileType = file.storyboard; name = Base; path = Base.lproj/LaunchScreen.storyboard; sourceTree = "<group>"; };
		9824251E212ECB0F0006876D /* Info.plist */ = {isa = PBXFileReference; lastKnownFileType = text.plist.xml; path = Info.plist; sourceTree = "<group>"; };
		9824251F212ECB0F0006876D /* main.m */ = {isa = PBXFileReference; lastKnownFileType = sourcecode.c.objc; path = main.m; sourceTree = "<group>"; };
		98242525212ECB0F0006876D /* SNNavigationControllerTests.xctest */ = {isa = PBXFileReference; explicitFileType = wrapper.cfbundle; includeInIndex = 0; path = SNNavigationControllerTests.xctest; sourceTree = BUILT_PRODUCTS_DIR; };
		98242529212ECB0F0006876D /* SNNavigationControllerTests.m */ = {isa = PBXFileReference; lastKnownFileType = sourcecode.c.objc; path = SNNavigationControllerTests.m; sourceTree = "<group>"; };
		9824252B212ECB0F0006876D /* Info.plist */ = {isa = PBXFileReference; lastKnownFileType = text.plist.xml; path = Info.plist; sourceTree = "<group>"; };
		98242530212ECB0F0006876D /* SNNavigationControllerUITests.xctest */ = {isa = PBXFileReference; explicitFileType = wrapper.cfbundle; includeInIndex = 0; path = SNNavigationControllerUITests.xctest; sourceTree = BUILT_PRODUCTS_DIR; };
		98242534212ECB0F0006876D /* SNNavigationControllerUITests.m */ = {isa = PBXFileReference; lastKnownFileType = sourcecode.c.objc; path = SNNavigationControllerUITests.m; sourceTree = "<group>"; };
		98242536212ECB0F0006876D /* Info.plist */ = {isa = PBXFileReference; lastKnownFileType = text.plist.xml; path = Info.plist; sourceTree = "<group>"; };
		98242542212ECBB50006876D /* SNNavigationController.h */ = {isa = PBXFileReference; lastKnownFileType = sourcecode.c.h; path = SNNavigationController.h; sourceTree = "<group>"; };
		98242543212ECBB50006876D /* SNNavigationController.m */ = {isa = PBXFileReference; lastKnownFileType = sourcecode.c.objc; path = SNNavigationController.m; sourceTree = "<group>"; };
/* End PBXFileReference section */

/* Begin PBXFrameworksBuildPhase section */
		9824250A212ECB0D0006876D /* Frameworks */ = {
			isa = PBXFrameworksBuildPhase;
			buildActionMask = 2147483647;
			files = (
			);
			runOnlyForDeploymentPostprocessing = 0;
		};
		98242522212ECB0F0006876D /* Frameworks */ = {
			isa = PBXFrameworksBuildPhase;
			buildActionMask = 2147483647;
			files = (
			);
			runOnlyForDeploymentPostprocessing = 0;
		};
		9824252D212ECB0F0006876D /* Frameworks */ = {
			isa = PBXFrameworksBuildPhase;
			buildActionMask = 2147483647;
			files = (
			);
			runOnlyForDeploymentPostprocessing = 0;
		};
/* End PBXFrameworksBuildPhase section */

/* Begin PBXGroup section */
		98242504212ECB0C0006876D = {
			isa = PBXGroup;
			children = (
				9824250F212ECB0D0006876D /* SNNavigationController */,
				98242528212ECB0F0006876D /* SNNavigationControllerTests */,
				98242533212ECB0F0006876D /* SNNavigationControllerUITests */,
				9824250E212ECB0D0006876D /* Products */,
			);
			sourceTree = "<group>";
		};
		9824250E212ECB0D0006876D /* Products */ = {
			isa = PBXGroup;
			children = (
				9824250D212ECB0D0006876D /* SNNavigationController.app */,
				98242525212ECB0F0006876D /* SNNavigationControllerTests.xctest */,
				98242530212ECB0F0006876D /* SNNavigationControllerUITests.xctest */,
			);
			name = Products;
			sourceTree = "<group>";
		};
		9824250F212ECB0D0006876D /* SNNavigationController */ = {
			isa = PBXGroup;
			children = (
				98242510212ECB0D0006876D /* AppDelegate.h */,
				98242511212ECB0D0006876D /* AppDelegate.m */,
				98242513212ECB0D0006876D /* ViewController.h */,
				98242514212ECB0D0006876D /* ViewController.m */,
				98242545212ECBB90006876D /* SNNavigationController */,
				98242516212ECB0D0006876D /* Main.storyboard */,
				98242519212ECB0F0006876D /* Assets.xcassets */,
				9824251B212ECB0F0006876D /* LaunchScreen.storyboard */,
				9824251E212ECB0F0006876D /* Info.plist */,
				9824251F212ECB0F0006876D /* main.m */,
			);
			path = SNNavigationController;
			sourceTree = "<group>";
		};
		98242528212ECB0F0006876D /* SNNavigationControllerTests */ = {
			isa = PBXGroup;
			children = (
				98242529212ECB0F0006876D /* SNNavigationControllerTests.m */,
				9824252B212ECB0F0006876D /* Info.plist */,
			);
			path = SNNavigationControllerTests;
			sourceTree = "<group>";
		};
		98242533212ECB0F0006876D /* SNNavigationControllerUITests */ = {
			isa = PBXGroup;
			children = (
				98242534212ECB0F0006876D /* SNNavigationControllerUITests.m */,
				98242536212ECB0F0006876D /* Info.plist */,
			);
			path = SNNavigationControllerUITests;
			sourceTree = "<group>";
		};
		98242545212ECBB90006876D /* SNNavigationController */ = {
			isa = PBXGroup;
			children = (
				98242542212ECBB50006876D /* SNNavigationController.h */,
				98242543212ECBB50006876D /* SNNavigationController.m */,
			);
			path = SNNavigationController;
			sourceTree = "<group>";
		};
/* End PBXGroup section */

/* Begin PBXNativeTarget section */
		9824250C212ECB0D0006876D /* SNNavigationController */ = {
			isa = PBXNativeTarget;
			buildConfigurationList = 98242539212ECB0F0006876D /* Build configuration list for PBXNativeTarget "SNNavigationController" */;
			buildPhases = (
				98242509212ECB0D0006876D /* Sources */,
				9824250A212ECB0D0006876D /* Frameworks */,
				9824250B212ECB0D0006876D /* Resources */,
			);
			buildRules = (
			);
			dependencies = (
			);
			name = SNNavigationController;
			productName = SNNavigationController;
			productReference = 9824250D212ECB0D0006876D /* SNNavigationController.app */;
			productType = "com.apple.product-type.application";
		};
		98242524212ECB0F0006876D /* SNNavigationControllerTests */ = {
			isa = PBXNativeTarget;
			buildConfigurationList = 9824253C212ECB0F0006876D /* Build configuration list for PBXNativeTarget "SNNavigationControllerTests" */;
			buildPhases = (
				98242521212ECB0F0006876D /* Sources */,
				98242522212ECB0F0006876D /* Frameworks */,
				98242523212ECB0F0006876D /* Resources */,
			);
			buildRules = (
			);
			dependencies = (
				98242527212ECB0F0006876D /* PBXTargetDependency */,
			);
			name = SNNavigationControllerTests;
			productName = SNNavigationControllerTests;
			productReference = 98242525212ECB0F0006876D /* SNNavigationControllerTests.xctest */;
			productType = "com.apple.product-type.bundle.unit-test";
		};
		9824252F212ECB0F0006876D /* SNNavigationControllerUITests */ = {
			isa = PBXNativeTarget;
			buildConfigurationList = 9824253F212ECB0F0006876D /* Build configuration list for PBXNativeTarget "SNNavigationControllerUITests" */;
			buildPhases = (
				9824252C212ECB0F0006876D /* Sources */,
				9824252D212ECB0F0006876D /* Frameworks */,
				9824252E212ECB0F0006876D /* Resources */,
			);
			buildRules = (
			);
			dependencies = (
				98242532212ECB0F0006876D /* PBXTargetDependency */,
			);
			name = SNNavigationControllerUITests;
			productName = SNNavigationControllerUITests;
			productReference = 98242530212ECB0F0006876D /* SNNavigationControllerUITests.xctest */;
			productType = "com.apple.product-type.bundle.ui-testing";
		};
/* End PBXNativeTarget section */

/* Begin PBXProject section */
		98242505212ECB0C0006876D /* Project object */ = {
			isa = PBXProject;
			attributes = {
				LastUpgradeCheck = 0940;
				ORGANIZATIONNAME = snlo;
				TargetAttributes = {
					9824250C212ECB0D0006876D = {
						CreatedOnToolsVersion = 9.4.1;
					};
					98242524212ECB0F0006876D = {
						CreatedOnToolsVersion = 9.4.1;
						TestTargetID = 9824250C212ECB0D0006876D;
					};
					9824252F212ECB0F0006876D = {
						CreatedOnToolsVersion = 9.4.1;
						TestTargetID = 9824250C212ECB0D0006876D;
					};
				};
			};
			buildConfigurationList = 98242508212ECB0C0006876D /* Build configuration list for PBXProject "SNNavigationController" */;
			compatibilityVersion = "Xcode 9.3";
			developmentRegion = en;
			hasScannedForEncodings = 0;
			knownRegions = (
				en,
				Base,
			);
			mainGroup = 98242504212ECB0C0006876D;
			productRefGroup = 9824250E212ECB0D0006876D /* Products */;
			projectDirPath = "";
			projectRoot = "";
			targets = (
				9824250C212ECB0D0006876D /* SNNavigationController */,
				98242524212ECB0F0006876D /* SNNavigationControllerTests */,
				9824252F212ECB0F0006876D /* SNNavigationControllerUITests */,
			);
		};
/* End PBXProject section */

/* Begin PBXResourcesBuildPhase section */
		9824250B212ECB0D0006876D /* Resources */ = {
			isa = PBXResourcesBuildPhase;
			buildActionMask = 2147483647;
			files = (
				9824251D212ECB0F0006876D /* LaunchScreen.storyboard in Resources */,
				9824251A212ECB0F0006876D /* Assets.xcassets in Resources */,
				98242518212ECB0D0006876D /* Main.storyboard in Resources */,
			);
			runOnlyForDeploymentPostprocessing = 0;
		};
		98242523212ECB0F0006876D /* Resources */ = {
			isa = PBXResourcesBuildPhase;
			buildActionMask = 2147483647;
			files = (
			);
			runOnlyForDeploymentPostprocessing = 0;
		};
		9824252E212ECB0F0006876D /* Resources */ = {
			isa = PBXResourcesBuildPhase;
			buildActionMask = 2147483647;
			files = (
			);
			runOnlyForDeploymentPostprocessing = 0;
		};
/* End PBXResourcesBuildPhase section */

/* Begin PBXSourcesBuildPhase section */
		98242509212ECB0D0006876D /* Sources */ = {
			isa = PBXSourcesBuildPhase;
			buildActionMask = 2147483647;
			files = (
				98242544212ECBB50006876D /* SNNavigationController.m in Sources */,
				98242515212ECB0D0006876D /* ViewController.m in Sources */,
				98242520212ECB0F0006876D /* main.m in Sources */,
				98242512212ECB0D0006876D /* AppDelegate.m in Sources */,
			);
			runOnlyForDeploymentPostprocessing = 0;
		};
		98242521212ECB0F0006876D /* Sources */ = {
			isa = PBXSourcesBuildPhase;
			buildActionMask = 2147483647;
			files = (
				9824252A212ECB0F0006876D /* SNNavigationControllerTests.m in Sources */,
			);
			runOnlyForDeploymentPostprocessing = 0;
		};
		9824252C212ECB0F0006876D /* Sources */ = {
			isa = PBXSourcesBuildPhase;
			buildActionMask = 2147483647;
			files = (
				98242535212ECB0F0006876D /* SNNavigationControllerUITests.m in Sources */,
			);
			runOnlyForDeploymentPostprocessing = 0;
		};
/* End PBXSourcesBuildPhase section */

/* Begin PBXTargetDependency section */
		98242527212ECB0F0006876D /* PBXTargetDependency */ = {
			isa = PBXTargetDependency;
			target = 9824250C212ECB0D0006876D /* SNNavigationController */;
			targetProxy = 98242526212ECB0F0006876D /* PBXContainerItemProxy */;
		};
		98242532212ECB0F0006876D /* PBXTargetDependency */ = {
			isa = PBXTargetDependency;
			target = 9824250C212ECB0D0006876D /* SNNavigationController */;
			targetProxy = 98242531212ECB0F0006876D /* PBXContainerItemProxy */;
		};
/* End PBXTargetDependency section */

/* Begin PBXVariantGroup section */
		98242516212ECB0D0006876D /* Main.storyboard */ = {
			isa = PBXVariantGroup;
			children = (
				98242517212ECB0D0006876D /* Base */,
			);
			name = Main.storyboard;
			sourceTree = "<group>";
		};
		9824251B212ECB0F0006876D /* LaunchScreen.storyboard */ = {
			isa = PBXVariantGroup;
			children = (
				9824251C212ECB0F0006876D /* Base */,
			);
			name = LaunchScreen.storyboard;
			sourceTree = "<group>";
		};
/* End PBXVariantGroup section */

/* Begin XCBuildConfiguration section */
		98242537212ECB0F0006876D /* Debug */ = {
			isa = XCBuildConfiguration;
			buildSettings = {
				ALWAYS_SEARCH_USER_PATHS = NO;
				CLANG_ANALYZER_NONNULL = YES;
				CLANG_ANALYZER_NUMBER_OBJECT_CONVERSION = YES_AGGRESSIVE;
				CLANG_CXX_LANGUAGE_STANDARD = "gnu++14";
				CLANG_CXX_LIBRARY = "libc++";
				CLANG_ENABLE_MODULES = YES;
				CLANG_ENABLE_OBJC_ARC = YES;
				CLANG_ENABLE_OBJC_WEAK = YES;
				CLANG_WARN_BLOCK_CAPTURE_AUTORELEASING = YES;
				CLANG_WARN_BOOL_CONVERSION = YES;
				CLANG_WARN_COMMA = YES;
				CLANG_WARN_CONSTANT_CONVERSION = YES;
				CLANG_WARN_DEPRECATED_OBJC_IMPLEMENTATIONS = YES;
				CLANG_WARN_DIRECT_OBJC_ISA_USAGE = YES_ERROR;
				CLANG_WARN_DOCUMENTATION_COMMENTS = YES;
				CLANG_WARN_EMPTY_BODY = YES;
				CLANG_WARN_ENUM_CONVERSION = YES;
				CLANG_WARN_INFINITE_RECURSION = YES;
				CLANG_WARN_INT_CONVERSION = YES;
				CLANG_WARN_NON_LITERAL_NULL_CONVERSION = YES;
				CLANG_WARN_OBJC_IMPLICIT_RETAIN_SELF = YES;
				CLANG_WARN_OBJC_LITERAL_CONVERSION = YES;
				CLANG_WARN_OBJC_ROOT_CLASS = YES_ERROR;
				CLANG_WARN_RANGE_LOOP_ANALYSIS = YES;
				CLANG_WARN_STRICT_PROTOTYPES = YES;
				CLANG_WARN_SUSPICIOUS_MOVE = YES;
				CLANG_WARN_UNGUARDED_AVAILABILITY = YES_AGGRESSIVE;
				CLANG_WARN_UNREACHABLE_CODE = YES;
				CLANG_WARN__DUPLICATE_METHOD_MATCH = YES;
				CODE_SIGN_IDENTITY = "iPhone Developer";
				COPY_PHASE_STRIP = NO;
				DEBUG_INFORMATION_FORMAT = dwarf;
				ENABLE_STRICT_OBJC_MSGSEND = YES;
				ENABLE_TESTABILITY = YES;
				GCC_C_LANGUAGE_STANDARD = gnu11;
				GCC_DYNAMIC_NO_PIC = NO;
				GCC_NO_COMMON_BLOCKS = YES;
				GCC_OPTIMIZATION_LEVEL = 0;
				GCC_PREPROCESSOR_DEFINITIONS = (
					"DEBUG=1",
					"$(inherited)",
				);
				GCC_WARN_64_TO_32_BIT_CONVERSION = YES;
				GCC_WARN_ABOUT_RETURN_TYPE = YES_ERROR;
				GCC_WARN_UNDECLARED_SELECTOR = YES;
				GCC_WARN_UNINITIALIZED_AUTOS = YES_AGGRESSIVE;
				GCC_WARN_UNUSED_FUNCTION = YES;
				GCC_WARN_UNUSED_VARIABLE = YES;
				IPHONEOS_DEPLOYMENT_TARGET = 11.4;
				MTL_ENABLE_DEBUG_INFO = YES;
				ONLY_ACTIVE_ARCH = YES;
				SDKROOT = iphoneos;
			};
			name = Debug;
		};
		98242538212ECB0F0006876D /* Release */ = {
			isa = XCBuildConfiguration;
			buildSettings = {
				ALWAYS_SEARCH_USER_PATHS = NO;
				CLANG_ANALYZER_NONNULL = YES;
				CLANG_ANALYZER_NUMBER_OBJECT_CONVERSION = YES_AGGRESSIVE;
				CLANG_CXX_LANGUAGE_STANDARD = "gnu++14";
				CLANG_CXX_LIBRARY = "libc++";
				CLANG_ENABLE_MODULES = YES;
				CLANG_ENABLE_OBJC_ARC = YES;
				CLANG_ENABLE_OBJC_WEAK = YES;
				CLANG_WARN_BLOCK_CAPTURE_AUTORELEASING = YES;
				CLANG_WARN_BOOL_CONVERSION = YES;
				CLANG_WARN_COMMA = YES;
				CLANG_WARN_CONSTANT_CONVERSION = YES;
				CLANG_WARN_DEPRECATED_OBJC_IMPLEMENTATIONS = YES;
				CLANG_WARN_DIRECT_OBJC_ISA_USAGE = YES_ERROR;
				CLANG_WARN_DOCUMENTATION_COMMENTS = YES;
				CLANG_WARN_EMPTY_BODY = YES;
				CLANG_WARN_ENUM_CONVERSION = YES;
				CLANG_WARN_INFINITE_RECURSION = YES;
				CLANG_WARN_INT_CONVERSION = YES;
				CLANG_WARN_NON_LITERAL_NULL_CONVERSION = YES;
				CLANG_WARN_OBJC_IMPLICIT_RETAIN_SELF = YES;
				CLANG_WARN_OBJC_LITERAL_CONVERSION = YES;
				CLANG_WARN_OBJC_ROOT_CLASS = YES_ERROR;
				CLANG_WARN_RANGE_LOOP_ANALYSIS = YES;
				CLANG_WARN_STRICT_PROTOTYPES = YES;
				CLANG_WARN_SUSPICIOUS_MOVE = YES;
				CLANG_WARN_UNGUARDED_AVAILABILITY = YES_AGGRESSIVE;
				CLANG_WARN_UNREACHABLE_CODE = YES;
				CLANG_WARN__DUPLICATE_METHOD_MATCH = YES;
				CODE_SIGN_IDENTITY = "iPhone Developer";
				COPY_PHASE_STRIP = NO;
				DEBUG_INFORMATION_FORMAT = "dwarf-with-dsym";
				ENABLE_NS_ASSERTIONS = NO;
				ENABLE_STRICT_OBJC_MSGSEND = YES;
				GCC_C_LANGUAGE_STANDARD = gnu11;
				GCC_NO_COMMON_BLOCKS = YES;
				GCC_WARN_64_TO_32_BIT_CONVERSION = YES;
				GCC_WARN_ABOUT_RETURN_TYPE = YES_ERROR;
				GCC_WARN_UNDECLARED_SELECTOR = YES;
				GCC_WARN_UNINITIALIZED_AUTOS = YES_AGGRESSIVE;
				GCC_WARN_UNUSED_FUNCTION = YES;
				GCC_WARN_UNUSED_VARIABLE = YES;
				IPHONEOS_DEPLOYMENT_TARGET = 11.4;
				MTL_ENABLE_DEBUG_INFO = NO;
				SDKROOT = iphoneos;
				VALIDATE_PRODUCT = YES;
			};
			name = Release;
		};
		9824253A212ECB0F0006876D /* Debug */ = {
			isa = XCBuildConfiguration;
			buildSettings = {
				ASSETCATALOG_COMPILER_APPICON_NAME = AppIcon;
				CODE_SIGN_STYLE = Automatic;
				INFOPLIST_FILE = SNNavigationController/Info.plist;
				LD_RUNPATH_SEARCH_PATHS = (
					"$(inherited)",
					"@executable_path/Frameworks",
				);
				PRODUCT_BUNDLE_IDENTIFIER = snlo.SNNavigationController;
				PRODUCT_NAME = "$(TARGET_NAME)";
				TARGETED_DEVICE_FAMILY = "1,2";
			};
			name = Debug;
		};
		9824253B212ECB0F0006876D /* Release */ = {
			isa = XCBuildConfiguration;
			buildSettings = {
				ASSETCATALOG_COMPILER_APPICON_NAME = AppIcon;
				CODE_SIGN_STYLE = Automatic;
				INFOPLIST_FILE = SNNavigationController/Info.plist;
				LD_RUNPATH_SEARCH_PATHS = (
					"$(inherited)",
					"@executable_path/Frameworks",
				);
				PRODUCT_BUNDLE_IDENTIFIER = snlo.SNNavigationController;
				PRODUCT_NAME = "$(TARGET_NAME)";
				TARGETED_DEVICE_FAMILY = "1,2";
			};
			name = Release;
		};
		9824253D212ECB0F0006876D /* Debug */ = {
			isa = XCBuildConfiguration;
			buildSettings = {
				BUNDLE_LOADER = "$(TEST_HOST)";
				CODE_SIGN_STYLE = Automatic;
				INFOPLIST_FILE = SNNavigationControllerTests/Info.plist;
				LD_RUNPATH_SEARCH_PATHS = (
					"$(inherited)",
					"@executable_path/Frameworks",
					"@loader_path/Frameworks",
				);
				PRODUCT_BUNDLE_IDENTIFIER = snlo.SNNavigationControllerTests;
				PRODUCT_NAME = "$(TARGET_NAME)";
				TARGETED_DEVICE_FAMILY = "1,2";
				TEST_HOST = "$(BUILT_PRODUCTS_DIR)/SNNavigationController.app/SNNavigationController";
			};
			name = Debug;
		};
		9824253E212ECB0F0006876D /* Release */ = {
			isa = XCBuildConfiguration;
			buildSettings = {
				BUNDLE_LOADER = "$(TEST_HOST)";
				CODE_SIGN_STYLE = Automatic;
				INFOPLIST_FILE = SNNavigationControllerTests/Info.plist;
				LD_RUNPATH_SEARCH_PATHS = (
					"$(inherited)",
					"@executable_path/Frameworks",
					"@loader_path/Frameworks",
				);
				PRODUCT_BUNDLE_IDENTIFIER = snlo.SNNavigationControllerTests;
				PRODUCT_NAME = "$(TARGET_NAME)";
				TARGETED_DEVICE_FAMILY = "1,2";
				TEST_HOST = "$(BUILT_PRODUCTS_DIR)/SNNavigationController.app/SNNavigationController";
			};
			name = Release;
		};
		98242540212ECB0F0006876D /* Debug */ = {
			isa = XCBuildConfiguration;
			buildSettings = {
				CODE_SIGN_STYLE = Automatic;
				INFOPLIST_FILE = SNNavigationControllerUITests/Info.plist;
				LD_RUNPATH_SEARCH_PATHS = (
					"$(inherited)",
					"@executable_path/Frameworks",
					"@loader_path/Frameworks",
				);
				PRODUCT_BUNDLE_IDENTIFIER = snlo.SNNavigationControllerUITests;
				PRODUCT_NAME = "$(TARGET_NAME)";
				TARGETED_DEVICE_FAMILY = "1,2";
				TEST_TARGET_NAME = SNNavigationController;
			};
			name = Debug;
		};
		98242541212ECB0F0006876D /* Release */ = {
			isa = XCBuildConfiguration;
			buildSettings = {
				CODE_SIGN_STYLE = Automatic;
				INFOPLIST_FILE = SNNavigationControllerUITests/Info.plist;
				LD_RUNPATH_SEARCH_PATHS = (
					"$(inherited)",
					"@executable_path/Frameworks",
					"@loader_path/Frameworks",
				);
				PRODUCT_BUNDLE_IDENTIFIER = snlo.SNNavigationControllerUITests;
				PRODUCT_NAME = "$(TARGET_NAME)";
				TARGETED_DEVICE_FAMILY = "1,2";
				TEST_TARGET_NAME = SNNavigationController;
			};
			name = Release;
		};
/* End XCBuildConfiguration section */

/* Begin XCConfigurationList section */
		98242508212ECB0C0006876D /* Build configuration list for PBXProject "SNNavigationController" */ = {
			isa = XCConfigurationList;
			buildConfigurations = (
				98242537212ECB0F0006876D /* Debug */,
				98242538212ECB0F0006876D /* Release */,
			);
			defaultConfigurationIsVisible = 0;
			defaultConfigurationName = Release;
		};
		98242539212ECB0F0006876D /* Build configuration list for PBXNativeTarget "SNNavigationController" */ = {
			isa = XCConfigurationList;
			buildConfigurations = (
				9824253A212ECB0F0006876D /* Debug */,
				9824253B212ECB0F0006876D /* Release */,
			);
			defaultConfigurationIsVisible = 0;
			defaultConfigurationName = Release;
		};
		9824253C212ECB0F0006876D /* Build configuration list for PBXNativeTarget "SNNavigationControllerTests" */ = {
			isa = XCConfigurationList;
			buildConfigurations = (
				9824253D212ECB0F0006876D /* Debug */,
				9824253E212ECB0F0006876D /* Release */,
			);
			defaultConfigurationIsVisible = 0;
			defaultConfigurationName = Release;
		};
		9824253F212ECB0F0006876D /* Build configuration list for PBXNativeTarget "SNNavigationControllerUITests" */ = {
			isa = XCConfigurationList;
			buildConfigurations = (
				98242540212ECB0F0006876D /* Debug */,
				98242541212ECB0F0006876D /* Release */,
			);
			defaultConfigurationIsVisible = 0;
			defaultConfigurationName = Release;
		};
/* End XCConfigurationList section */
	};
	rootObject = 98242505212ECB0C0006876D /* Project object */;
}
