// !$*UTF8*$!
{
	archiveVersion = 1;
	classes = {
	};
	objectVersion = 50;
	objects = {

/* Begin PBXBuildFile section */
		5E0D175E31784927B1D943CB /* libPods-SNNavigationControllerUITests.a in Frameworks */ = {isa = PBXBuildFile; fileRef = 219201320588B573DF8655E1 /* libPods-SNNavigationControllerUITests.a */; };
		6D125B4243D69E10E372C9BF /* libPods-SNNavigationController.a in Frameworks */ = {isa = PBXBuildFile; fileRef = 70E99FE9EB3413750E76D80D /* libPods-SNNavigationController.a */; };
		9817CCE2217DAE5500A3C307 /* ViewControllerCell.m in Sources */ = {isa = PBXBuildFile; fileRef = 9817CCE0217DAE5500A3C307 /* ViewControllerCell.m */; };
		9817CCE3217DAE5500A3C307 /* ViewControllerCell.xib in Resources */ = {isa = PBXBuildFile; fileRef = 9817CCE1217DAE5500A3C307 /* ViewControllerCell.xib */; };
		9817CCE8217DBA8700A3C307 /* kNavigationController.m in Sources */ = {isa = PBXBuildFile; fileRef = 9817CCE7217DBA8700A3C307 /* kNavigationController.m */; };
		9817CCEB217DBB3600A3C307 /* kTabBarController.m in Sources */ = {isa = PBXBuildFile; fileRef = 9817CCEA217DBB3600A3C307 /* kTabBarController.m */; };
		9817CCEE217DBC0000A3C307 /* FirstViewController.m in Sources */ = {isa = PBXBuildFile; fileRef = 9817CCED217DBC0000A3C307 /* FirstViewController.m */; };
		9817CCF1217DBC1000A3C307 /* SecondViewController.m in Sources */ = {isa = PBXBuildFile; fileRef = 9817CCF0217DBC1000A3C307 /* SecondViewController.m */; };
		9817CCF5217DBCA400A3C307 /* InterViewController.m in Sources */ = {isa = PBXBuildFile; fileRef = 9817CCF3217DBCA400A3C307 /* InterViewController.m */; };
		9817CCF6217DBCA400A3C307 /* InterViewController.xib in Resources */ = {isa = PBXBuildFile; fileRef = 9817CCF4217DBCA400A3C307 /* InterViewController.xib */; };
		9817CCF9217DC10B00A3C307 /* ChangeToTabBarViewController.m in Sources */ = {isa = PBXBuildFile; fileRef = 9817CCF8217DC10B00A3C307 /* ChangeToTabBarViewController.m */; };
		9817CCFC217F1BDD00A3C307 /* UITabBarController+SNNavigationTransition.m in Sources */ = {isa = PBXBuildFile; fileRef = 9817CCFB217F1BDD00A3C307 /* UITabBarController+SNNavigationTransition.m */; };
		9817CD042180439000A3C307 /* ThirdViewController.m in Sources */ = {isa = PBXBuildFile; fileRef = 9817CD032180439000A3C307 /* ThirdViewController.m */; };
		9817CD072180510600A3C307 /* FourthViewController.m in Sources */ = {isa = PBXBuildFile; fileRef = 9817CD062180510600A3C307 /* FourthViewController.m */; };
		98242512212ECB0D0006876D /* AppDelegate.m in Sources */ = {isa = PBXBuildFile; fileRef = 98242511212ECB0D0006876D /* AppDelegate.m */; };
		98242515212ECB0D0006876D /* ViewController.m in Sources */ = {isa = PBXBuildFile; fileRef = 98242514212ECB0D0006876D /* ViewController.m */; };
		98242518212ECB0D0006876D /* Main.storyboard in Resources */ = {isa = PBXBuildFile; fileRef = 98242516212ECB0D0006876D /* Main.storyboard */; };
		9824251A212ECB0F0006876D /* Assets.xcassets in Resources */ = {isa = PBXBuildFile; fileRef = 98242519212ECB0F0006876D /* Assets.xcassets */; };
		9824251D212ECB0F0006876D /* LaunchScreen.storyboard in Resources */ = {isa = PBXBuildFile; fileRef = 9824251B212ECB0F0006876D /* LaunchScreen.storyboard */; };
		98242520212ECB0F0006876D /* main.m in Sources */ = {isa = PBXBuildFile; fileRef = 9824251F212ECB0F0006876D /* main.m */; };
		9824252A212ECB0F0006876D /* SNNavigationControllerTests.m in Sources */ = {isa = PBXBuildFile; fileRef = 98242529212ECB0F0006876D /* SNNavigationControllerTests.m */; };
		98242535212ECB0F0006876D /* SNNavigationControllerUITests.m in Sources */ = {isa = PBXBuildFile; fileRef = 98242534212ECB0F0006876D /* SNNavigationControllerUITests.m */; };
		98242557212EDCD40006876D /* SNNavigationControllerTool.m in Sources */ = {isa = PBXBuildFile; fileRef = 98242556212EDCD40006876D /* SNNavigationControllerTool.m */; };
		982425B621354A740006876D /* SNNavigationBar.m in Sources */ = {isa = PBXBuildFile; fileRef = 982425B521354A740006876D /* SNNavigationBar.m */; };
		982425D92137BA900006876D /* SNNavigationTransitionDelegate.m in Sources */ = {isa = PBXBuildFile; fileRef = 982425D82137BA900006876D /* SNNavigationTransitionDelegate.m */; };
		982425DC2137BB100006876D /* SNTransitionAnimationController.m in Sources */ = {isa = PBXBuildFile; fileRef = 982425DB2137BB100006876D /* SNTransitionAnimationController.m */; };
		982425DF2137BD9F0006876D /* SNNavigationPushTransitionAnimation.m in Sources */ = {isa = PBXBuildFile; fileRef = 982425DE2137BD9F0006876D /* SNNavigationPushTransitionAnimation.m */; };
		982425E52137BF9F0006876D /* UINavigationController+SNNavigationTransition.m in Sources */ = {isa = PBXBuildFile; fileRef = 982425E42137BF9F0006876D /* UINavigationController+SNNavigationTransition.m */; };
		982425E82137C1730006876D /* UIViewController+SNNavigationTransition.m in Sources */ = {isa = PBXBuildFile; fileRef = 982425E72137C1730006876D /* UIViewController+SNNavigationTransition.m */; };
		982425EE2137C3900006876D /* SNTransitionInteractionController.m in Sources */ = {isa = PBXBuildFile; fileRef = 982425ED2137C3900006876D /* SNTransitionInteractionController.m */; };
		982425F4213912410006876D /* SNNavigationPopRightTransitionAnimation.m in Sources */ = {isa = PBXBuildFile; fileRef = 982425F3213912410006876D /* SNNavigationPopRightTransitionAnimation.m */; };
		982425F7213922480006876D /* SNNavigationNavigationBarPushPopTransitionAnimation.m in Sources */ = {isa = PBXBuildFile; fileRef = 982425F6213922470006876D /* SNNavigationNavigationBarPushPopTransitionAnimation.m */; };
		982425FA213934F00006876D /* SNNavigationPopLeftTransitionAnimation.m in Sources */ = {isa = PBXBuildFile; fileRef = 982425F9213934F00006876D /* SNNavigationPopLeftTransitionAnimation.m */; };
		98F7A84A2148BA4700C7624F /* SNNavigationItem.m in Sources */ = {isa = PBXBuildFile; fileRef = 98F7A8492148BA4700C7624F /* SNNavigationItem.m */; };
		EB2EEB04E728CBCDB29B007E /* libPods-SNNavigationControllerTests.a in Frameworks */ = {isa = PBXBuildFile; fileRef = CFEBC00C1AE673E7CDFC8404 /* libPods-SNNavigationControllerTests.a */; };
/* End PBXBuildFile section */

/* Begin PBXContainerItemProxy section */
		98242526212ECB0F0006876D /* PBXContainerItemProxy */ = {
			isa = PBXContainerItemProxy;
			containerPortal = 98242505212ECB0C0006876D /* Project object */;
			proxyType = 1;
			remoteGlobalIDString = 9824250C212ECB0D0006876D;
			remoteInfo = SNNavigationController;
		};
		98242531212ECB0F0006876D /* PBXContainerItemProxy */ = {
			isa = PBXContainerItemProxy;
			containerPortal = 98242505212ECB0C0006876D /* Project object */;
			proxyType = 1;
			remoteGlobalIDString = 9824250C212ECB0D0006876D;
			remoteInfo = SNNavigationController;
		};
/* End PBXContainerItemProxy section */

/* Begin PBXFileReference section */
		219201320588B573DF8655E1 /* libPods-SNNavigationControllerUITests.a */ = {isa = PBXFileReference; explicitFileType = archive.ar; includeInIndex = 0; path = "libPods-SNNavigationControllerUITests.a"; sourceTree = BUILT_PRODUCTS_DIR; };
		37259AB3C37730B3C134F9B8 /* Pods-SNNavigationControllerTests.debug.xcconfig */ = {isa = PBXFileReference; includeInIndex = 1; lastKnownFileType = text.xcconfig; name = "Pods-SNNavigationControllerTests.debug.xcconfig"; path = "Pods/Target Support Files/Pods-SNNavigationControllerTests/Pods-SNNavigationControllerTests.debug.xcconfig"; sourceTree = "<group>"; };
		3BBC231FF5D02FE5AAF4B4D6 /* Pods-SNNavigationControllerTests.release.xcconfig */ = {isa = PBXFileReference; includeInIndex = 1; lastKnownFileType = text.xcconfig; name = "Pods-SNNavigationControllerTests.release.xcconfig"; path = "Pods/Target Support Files/Pods-SNNavigationControllerTests/Pods-SNNavigationControllerTests.release.xcconfig"; sourceTree = "<group>"; };
		70E99FE9EB3413750E76D80D /* libPods-SNNavigationController.a */ = {isa = PBXFileReference; explicitFileType = archive.ar; includeInIndex = 0; path = "libPods-SNNavigationController.a"; sourceTree = BUILT_PRODUCTS_DIR; };
		9817CCDF217DAE5500A3C307 /* ViewControllerCell.h */ = {isa = PBXFileReference; lastKnownFileType = sourcecode.c.h; path = ViewControllerCell.h; sourceTree = "<group>"; };
		9817CCE0217DAE5500A3C307 /* ViewControllerCell.m */ = {isa = PBXFileReference; lastKnownFileType = sourcecode.c.objc; path = ViewControllerCell.m; sourceTree = "<group>"; };
		9817CCE1217DAE5500A3C307 /* ViewControllerCell.xib */ = {isa = PBXFileReference; lastKnownFileType = file.xib; path = ViewControllerCell.xib; sourceTree = "<group>"; };
		9817CCE6217DBA8700A3C307 /* kNavigationController.h */ = {isa = PBXFileReference; lastKnownFileType = sourcecode.c.h; path = kNavigationController.h; sourceTree = "<group>"; };
		9817CCE7217DBA8700A3C307 /* kNavigationController.m */ = {isa = PBXFileReference; lastKnownFileType = sourcecode.c.objc; path = kNavigationController.m; sourceTree = "<group>"; };
		9817CCE9217DBB3600A3C307 /* kTabBarController.h */ = {isa = PBXFileReference; lastKnownFileType = sourcecode.c.h; path = kTabBarController.h; sourceTree = "<group>"; };
		9817CCEA217DBB3600A3C307 /* kTabBarController.m */ = {isa = PBXFileReference; lastKnownFileType = sourcecode.c.objc; path = kTabBarController.m; sourceTree = "<group>"; };
		9817CCEC217DBC0000A3C307 /* FirstViewController.h */ = {isa = PBXFileReference; lastKnownFileType = sourcecode.c.h; path = FirstViewController.h; sourceTree = "<group>"; };
		9817CCED217DBC0000A3C307 /* FirstViewController.m */ = {isa = PBXFileReference; lastKnownFileType = sourcecode.c.objc; path = FirstViewController.m; sourceTree = "<group>"; };
		9817CCEF217DBC1000A3C307 /* SecondViewController.h */ = {isa = PBXFileReference; lastKnownFileType = sourcecode.c.h; path = SecondViewController.h; sourceTree = "<group>"; };
		9817CCF0217DBC1000A3C307 /* SecondViewController.m */ = {isa = PBXFileReference; lastKnownFileType = sourcecode.c.objc; path = SecondViewController.m; sourceTree = "<group>"; };
		9817CCF2217DBCA400A3C307 /* InterViewController.h */ = {isa = PBXFileReference; lastKnownFileType = sourcecode.c.h; path = InterViewController.h; sourceTree = "<group>"; };
		9817CCF3217DBCA400A3C307 /* InterViewController.m */ = {isa = PBXFileReference; lastKnownFileType = sourcecode.c.objc; path = InterViewController.m; sourceTree = "<group>"; };
		9817CCF4217DBCA400A3C307 /* InterViewController.xib */ = {isa = PBXFileReference; lastKnownFileType = file.xib; path = InterViewController.xib; sourceTree = "<group>"; };
		9817CCF7217DC10B00A3C307 /* ChangeToTabBarViewController.h */ = {isa = PBXFileReference; lastKnownFileType = sourcecode.c.h; path = ChangeToTabBarViewController.h; sourceTree = "<group>"; };
		9817CCF8217DC10B00A3C307 /* ChangeToTabBarViewController.m */ = {isa = PBXFileReference; lastKnownFileType = sourcecode.c.objc; path = ChangeToTabBarViewController.m; sourceTree = "<group>"; };
		9817CCFA217F1BDD00A3C307 /* UITabBarController+SNNavigationTransition.h */ = {isa = PBXFileReference; lastKnownFileType = sourcecode.c.h; path = "UITabBarController+SNNavigationTransition.h"; sourceTree = "<group>"; };
		9817CCFB217F1BDD00A3C307 /* UITabBarController+SNNavigationTransition.m */ = {isa = PBXFileReference; lastKnownFileType = sourcecode.c.objc; path = "UITabBarController+SNNavigationTransition.m"; sourceTree = "<group>"; };
		9817CD022180439000A3C307 /* ThirdViewController.h */ = {isa = PBXFileReference; lastKnownFileType = sourcecode.c.h; path = ThirdViewController.h; sourceTree = "<group>"; };
		9817CD032180439000A3C307 /* ThirdViewController.m */ = {isa = PBXFileReference; lastKnownFileType = sourcecode.c.objc; path = ThirdViewController.m; sourceTree = "<group>"; };
		9817CD052180510600A3C307 /* FourthViewController.h */ = {isa = PBXFileReference; lastKnownFileType = sourcecode.c.h; path = FourthViewController.h; sourceTree = "<group>"; };
		9817CD062180510600A3C307 /* FourthViewController.m */ = {isa = PBXFileReference; lastKnownFileType = sourcecode.c.objc; path = FourthViewController.m; sourceTree = "<group>"; };
		9817CD082181AE6900A3C307 /* SNNavigationController.h */ = {isa = PBXFileReference; lastKnownFileType = sourcecode.c.h; path = SNNavigationController.h; sourceTree = "<group>"; };
		9824250D212ECB0D0006876D /* SNNavigationController.app */ = {isa = PBXFileReference; explicitFileType = wrapper.application; includeInIndex = 0; path = SNNavigationController.app; sourceTree = BUILT_PRODUCTS_DIR; };
		98242510212ECB0D0006876D /* AppDelegate.h */ = {isa = PBXFileReference; lastKnownFileType = sourcecode.c.h; path = AppDelegate.h; sourceTree = "<group>"; };
		98242511212ECB0D0006876D /* AppDelegate.m */ = {isa = PBXFileReference; lastKnownFileType = sourcecode.c.objc; path = AppDelegate.m; sourceTree = "<group>"; };
		98242513212ECB0D0006876D /* ViewController.h */ = {isa = PBXFileReference; lastKnownFileType = sourcecode.c.h; path = ViewController.h; sourceTree = "<group>"; };
		98242514212ECB0D0006876D /* ViewController.m */ = {isa = PBXFileReference; lastKnownFileType = sourcecode.c.objc; path = ViewController.m; sourceTree = "<group>"; };
		98242517212ECB0D0006876D /* Base */ = {isa = PBXFileReference; lastKnownFileType = file.storyboard; name = Base; path = Base.lproj/Main.storyboard; sourceTree = "<group>"; };
		98242519212ECB0F0006876D /* Assets.xcassets */ = {isa = PBXFileReference; lastKnownFileType = folder.assetcatalog; path = Assets.xcassets; sourceTree = "<group>"; };
		9824251C212ECB0F0006876D /* Base */ = {isa = PBXFileReference; lastKnownFileType = file.storyboard; name = Base; path = Base.lproj/LaunchScreen.storyboard; sourceTree = "<group>"; };
		9824251E212ECB0F0006876D /* Info.plist */ = {isa = PBXFileReference; lastKnownFileType = text.plist.xml; path = Info.plist; sourceTree = "<group>"; };
		9824251F212ECB0F0006876D /* main.m */ = {isa = PBXFileReference; lastKnownFileType = sourcecode.c.objc; path = main.m; sourceTree = "<group>"; };
		98242525212ECB0F0006876D /* SNNavigationControllerTests.xctest */ = {isa = PBXFileReference; explicitFileType = wrapper.cfbundle; includeInIndex = 0; path = SNNavigationControllerTests.xctest; sourceTree = BUILT_PRODUCTS_DIR; };
		98242529212ECB0F0006876D /* SNNavigationControllerTests.m */ = {isa = PBXFileReference; lastKnownFileType = sourcecode.c.objc; path = SNNavigationControllerTests.m; sourceTree = "<group>"; };
		9824252B212ECB0F0006876D /* Info.plist */ = {isa = PBXFileReference; lastKnownFileType = text.plist.xml; path = Info.plist; sourceTree = "<group>"; };
		98242530212ECB0F0006876D /* SNNavigationControllerUITests.xctest */ = {isa = PBXFileReference; explicitFileType = wrapper.cfbundle; includeInIndex = 0; path = SNNavigationControllerUITests.xctest; sourceTree = BUILT_PRODUCTS_DIR; };
		98242534212ECB0F0006876D /* SNNavigationControllerUITests.m */ = {isa = PBXFileReference; lastKnownFileType = sourcecode.c.objc; path = SNNavigationControllerUITests.m; sourceTree = "<group>"; };
		98242536212ECB0F0006876D /* Info.plist */ = {isa = PBXFileReference; lastKnownFileType = text.plist.xml; path = Info.plist; sourceTree = "<group>"; };
		98242555212EDCD40006876D /* SNNavigationControllerTool.h */ = {isa = PBXFileReference; lastKnownFileType = sourcecode.c.h; path = SNNavigationControllerTool.h; sourceTree = "<group>"; };
		98242556212EDCD40006876D /* SNNavigationControllerTool.m */ = {isa = PBXFileReference; lastKnownFileType = sourcecode.c.objc; path = SNNavigationControllerTool.m; sourceTree = "<group>"; };
		982425AF213517EF0006876D /* PrefixHeader.pch */ = {isa = PBXFileReference; lastKnownFileType = sourcecode.c.h; path = PrefixHeader.pch; sourceTree = "<group>"; };
		982425B021352D0F0006876D /* SNNa_Singletion.h */ = {isa = PBXFileReference; lastKnownFileType = sourcecode.c.h; path = SNNa_Singletion.h; sourceTree = "<group>"; };
		982425B421354A740006876D /* SNNavigationBar.h */ = {isa = PBXFileReference; lastKnownFileType = sourcecode.c.h; path = SNNavigationBar.h; sourceTree = "<group>"; };
		982425B521354A740006876D /* SNNavigationBar.m */ = {isa = PBXFileReference; lastKnownFileType = sourcecode.c.objc; path = SNNavigationBar.m; sourceTree = "<group>"; };
		982425D72137BA900006876D /* SNNavigationTransitionDelegate.h */ = {isa = PBXFileReference; lastKnownFileType = sourcecode.c.h; path = SNNavigationTransitionDelegate.h; sourceTree = "<group>"; };
		982425D82137BA900006876D /* SNNavigationTransitionDelegate.m */ = {isa = PBXFileReference; lastKnownFileType = sourcecode.c.objc; path = SNNavigationTransitionDelegate.m; sourceTree = "<group>"; };
		982425DA2137BB100006876D /* SNTransitionAnimationController.h */ = {isa = PBXFileReference; lastKnownFileType = sourcecode.c.h; path = SNTransitionAnimationController.h; sourceTree = "<group>"; };
		982425DB2137BB100006876D /* SNTransitionAnimationController.m */ = {isa = PBXFileReference; lastKnownFileType = sourcecode.c.objc; path = SNTransitionAnimationController.m; sourceTree = "<group>"; };
		982425DD2137BD9F0006876D /* SNNavigationPushTransitionAnimation.h */ = {isa = PBXFileReference; lastKnownFileType = sourcecode.c.h; path = SNNavigationPushTransitionAnimation.h; sourceTree = "<group>"; };
		982425DE2137BD9F0006876D /* SNNavigationPushTransitionAnimation.m */ = {isa = PBXFileReference; lastKnownFileType = sourcecode.c.objc; path = SNNavigationPushTransitionAnimation.m; sourceTree = "<group>"; };
		982425E32137BF9F0006876D /* UINavigationController+SNNavigationTransition.h */ = {isa = PBXFileReference; lastKnownFileType = sourcecode.c.h; path = "UINavigationController+SNNavigationTransition.h"; sourceTree = "<group>"; };
		982425E42137BF9F0006876D /* UINavigationController+SNNavigationTransition.m */ = {isa = PBXFileReference; lastKnownFileType = sourcecode.c.objc; path = "UINavigationController+SNNavigationTransition.m"; sourceTree = "<group>"; };
		982425E62137C1730006876D /* UIViewController+SNNavigationTransition.h */ = {isa = PBXFileReference; lastKnownFileType = sourcecode.c.h; path = "UIViewController+SNNavigationTransition.h"; sourceTree = "<group>"; };
		982425E72137C1730006876D /* UIViewController+SNNavigationTransition.m */ = {isa = PBXFileReference; lastKnownFileType = sourcecode.c.objc; path = "UIViewController+SNNavigationTransition.m"; sourceTree = "<group>"; };
		982425EC2137C3900006876D /* SNTransitionInteractionController.h */ = {isa = PBXFileReference; lastKnownFileType = sourcecode.c.h; path = SNTransitionInteractionController.h; sourceTree = "<group>"; };
		982425ED2137C3900006876D /* SNTransitionInteractionController.m */ = {isa = PBXFileReference; lastKnownFileType = sourcecode.c.objc; path = SNTransitionInteractionController.m; sourceTree = "<group>"; };
		982425F2213912410006876D /* SNNavigationPopRightTransitionAnimation.h */ = {isa = PBXFileReference; lastKnownFileType = sourcecode.c.h; path = SNNavigationPopRightTransitionAnimation.h; sourceTree = "<group>"; };
		982425F3213912410006876D /* SNNavigationPopRightTransitionAnimation.m */ = {isa = PBXFileReference; lastKnownFileType = sourcecode.c.objc; path = SNNavigationPopRightTransitionAnimation.m; sourceTree = "<group>"; };
		982425F5213922470006876D /* SNNavigationNavigationBarPushPopTransitionAnimation.h */ = {isa = PBXFileReference; lastKnownFileType = sourcecode.c.h; path = SNNavigationNavigationBarPushPopTransitionAnimation.h; sourceTree = "<group>"; };
		982425F6213922470006876D /* SNNavigationNavigationBarPushPopTransitionAnimation.m */ = {isa = PBXFileReference; lastKnownFileType = sourcecode.c.objc; path = SNNavigationNavigationBarPushPopTransitionAnimation.m; sourceTree = "<group>"; };
		982425F8213934F00006876D /* SNNavigationPopLeftTransitionAnimation.h */ = {isa = PBXFileReference; lastKnownFileType = sourcecode.c.h; path = SNNavigationPopLeftTransitionAnimation.h; sourceTree = "<group>"; };
		982425F9213934F00006876D /* SNNavigationPopLeftTransitionAnimation.m */ = {isa = PBXFileReference; lastKnownFileType = sourcecode.c.objc; path = SNNavigationPopLeftTransitionAnimation.m; sourceTree = "<group>"; };
		98F7A8482148BA4700C7624F /* SNNavigationItem.h */ = {isa = PBXFileReference; lastKnownFileType = sourcecode.c.h; path = SNNavigationItem.h; sourceTree = "<group>"; };
		98F7A8492148BA4700C7624F /* SNNavigationItem.m */ = {isa = PBXFileReference; lastKnownFileType = sourcecode.c.objc; path = SNNavigationItem.m; sourceTree = "<group>"; };
		C6532BFB38D370291198AECB /* Pods-SNNavigationController.release.xcconfig */ = {isa = PBXFileReference; includeInIndex = 1; lastKnownFileType = text.xcconfig; name = "Pods-SNNavigationController.release.xcconfig"; path = "Pods/Target Support Files/Pods-SNNavigationController/Pods-SNNavigationController.release.xcconfig"; sourceTree = "<group>"; };
		CFEBC00C1AE673E7CDFC8404 /* libPods-SNNavigationControllerTests.a */ = {isa = PBXFileReference; explicitFileType = archive.ar; includeInIndex = 0; path = "libPods-SNNavigationControllerTests.a"; sourceTree = BUILT_PRODUCTS_DIR; };
		D764AEE40A48C6351A004C5B /* Pods-SNNavigationController.debug.xcconfig */ = {isa = PBXFileReference; includeInIndex = 1; lastKnownFileType = text.xcconfig; name = "Pods-SNNavigationController.debug.xcconfig"; path = "Pods/Target Support Files/Pods-SNNavigationController/Pods-SNNavigationController.debug.xcconfig"; sourceTree = "<group>"; };
		E881B6CFB354ECF5EA7A1C49 /* Pods-SNNavigationControllerUITests.debug.xcconfig */ = {isa = PBXFileReference; includeInIndex = 1; lastKnownFileType = text.xcconfig; name = "Pods-SNNavigationControllerUITests.debug.xcconfig"; path = "Pods/Target Support Files/Pods-SNNavigationControllerUITests/Pods-SNNavigationControllerUITests.debug.xcconfig"; sourceTree = "<group>"; };
		FC4F13BE2A9677785EFD6BE4 /* Pods-SNNavigationControllerUITests.release.xcconfig */ = {isa = PBXFileReference; includeInIndex = 1; lastKnownFileType = text.xcconfig; name = "Pods-SNNavigationControllerUITests.release.xcconfig"; path = "Pods/Target Support Files/Pods-SNNavigationControllerUITests/Pods-SNNavigationControllerUITests.release.xcconfig"; sourceTree = "<group>"; };
/* End PBXFileReference section */

/* Begin PBXFrameworksBuildPhase section */
		9824250A212ECB0D0006876D /* Frameworks */ = {
			isa = PBXFrameworksBuildPhase;
			buildActionMask = 2147483647;
			files = (
				6D125B4243D69E10E372C9BF /* libPods-SNNavigationController.a in Frameworks */,
			);
			runOnlyForDeploymentPostprocessing = 0;
		};
		98242522212ECB0F0006876D /* Frameworks */ = {
			isa = PBXFrameworksBuildPhase;
			buildActionMask = 2147483647;
			files = (
				EB2EEB04E728CBCDB29B007E /* libPods-SNNavigationControllerTests.a in Frameworks */,
			);
			runOnlyForDeploymentPostprocessing = 0;
		};
		9824252D212ECB0F0006876D /* Frameworks */ = {
			isa = PBXFrameworksBuildPhase;
			buildActionMask = 2147483647;
			files = (
				5E0D175E31784927B1D943CB /* libPods-SNNavigationControllerUITests.a in Frameworks */,
			);
			runOnlyForDeploymentPostprocessing = 0;
		};
/* End PBXFrameworksBuildPhase section */

/* Begin PBXGroup section */
		8F9A767691AF4564E3B31978 /* Pods */ = {
			isa = PBXGroup;
			children = (
				D764AEE40A48C6351A004C5B /* Pods-SNNavigationController.debug.xcconfig */,
				C6532BFB38D370291198AECB /* Pods-SNNavigationController.release.xcconfig */,
				37259AB3C37730B3C134F9B8 /* Pods-SNNavigationControllerTests.debug.xcconfig */,
				3BBC231FF5D02FE5AAF4B4D6 /* Pods-SNNavigationControllerTests.release.xcconfig */,
				E881B6CFB354ECF5EA7A1C49 /* Pods-SNNavigationControllerUITests.debug.xcconfig */,
				FC4F13BE2A9677785EFD6BE4 /* Pods-SNNavigationControllerUITests.release.xcconfig */,
			);
			name = Pods;
			sourceTree = "<group>";
		};
		90F18DC6BECEB441D712B243 /* Frameworks */ = {
			isa = PBXGroup;
			children = (
				70E99FE9EB3413750E76D80D /* libPods-SNNavigationController.a */,
				CFEBC00C1AE673E7CDFC8404 /* libPods-SNNavigationControllerTests.a */,
				219201320588B573DF8655E1 /* libPods-SNNavigationControllerUITests.a */,
			);
			name = Frameworks;
			sourceTree = "<group>";
		};
		9817CCE4217DB51600A3C307 /* Views */ = {
			isa = PBXGroup;
			children = (
				9817CCDF217DAE5500A3C307 /* ViewControllerCell.h */,
				9817CCE0217DAE5500A3C307 /* ViewControllerCell.m */,
				9817CCE1217DAE5500A3C307 /* ViewControllerCell.xib */,
			);
			path = Views;
			sourceTree = "<group>";
		};
		9817CCE5217DB52000A3C307 /* Controllers */ = {
			isa = PBXGroup;
			children = (
				98242513212ECB0D0006876D /* ViewController.h */,
				98242514212ECB0D0006876D /* ViewController.m */,
				9817CCE6217DBA8700A3C307 /* kNavigationController.h */,
				9817CCE7217DBA8700A3C307 /* kNavigationController.m */,
				9817CCE9217DBB3600A3C307 /* kTabBarController.h */,
				9817CCEA217DBB3600A3C307 /* kTabBarController.m */,
				9817CCF7217DC10B00A3C307 /* ChangeToTabBarViewController.h */,
				9817CCF8217DC10B00A3C307 /* ChangeToTabBarViewController.m */,
				9817CCEC217DBC0000A3C307 /* FirstViewController.h */,
				9817CCED217DBC0000A3C307 /* FirstViewController.m */,
				9817CCEF217DBC1000A3C307 /* SecondViewController.h */,
				9817CCF0217DBC1000A3C307 /* SecondViewController.m */,
				9817CD022180439000A3C307 /* ThirdViewController.h */,
				9817CD032180439000A3C307 /* ThirdViewController.m */,
				9817CD052180510600A3C307 /* FourthViewController.h */,
				9817CD062180510600A3C307 /* FourthViewController.m */,
				9817CCF2217DBCA400A3C307 /* InterViewController.h */,
				9817CCF3217DBCA400A3C307 /* InterViewController.m */,
				9817CCF4217DBCA400A3C307 /* InterViewController.xib */,
			);
			path = Controllers;
			sourceTree = "<group>";
		};
		9819AE612179E23000188D40 /* Tools */ = {
			isa = PBXGroup;
			children = (
				98242555212EDCD40006876D /* SNNavigationControllerTool.h */,
				98242556212EDCD40006876D /* SNNavigationControllerTool.m */,
				982425B021352D0F0006876D /* SNNa_Singletion.h */,
				9817CD082181AE6900A3C307 /* SNNavigationController.h */,
			);
			path = Tools;
			sourceTree = "<group>";
		};
		98242504212ECB0C0006876D = {
			isa = PBXGroup;
			children = (
				9824250F212ECB0D0006876D /* SNNavigationController */,
				98242528212ECB0F0006876D /* SNNavigationControllerTests */,
				98242533212ECB0F0006876D /* SNNavigationControllerUITests */,
				9824250E212ECB0D0006876D /* Products */,
				8F9A767691AF4564E3B31978 /* Pods */,
				90F18DC6BECEB441D712B243 /* Frameworks */,
			);
			sourceTree = "<group>";
		};
		9824250E212ECB0D0006876D /* Products */ = {
			isa = PBXGroup;
			children = (
				9824250D212ECB0D0006876D /* SNNavigationController.app */,
				98242525212ECB0F0006876D /* SNNavigationControllerTests.xctest */,
				98242530212ECB0F0006876D /* SNNavigationControllerUITests.xctest */,
			);
			name = Products;
			sourceTree = "<group>";
		};
		9824250F212ECB0D0006876D /* SNNavigationController */ = {
			isa = PBXGroup;
			children = (
				98242510212ECB0D0006876D /* AppDelegate.h */,
				98242511212ECB0D0006876D /* AppDelegate.m */,
				9817CCE5217DB52000A3C307 /* Controllers */,
				9817CCE4217DB51600A3C307 /* Views */,
				98242545212ECBB90006876D /* SNNavigationController */,
				98242516212ECB0D0006876D /* Main.storyboard */,
				98242519212ECB0F0006876D /* Assets.xcassets */,
				9824251B212ECB0F0006876D /* LaunchScreen.storyboard */,
				9824251E212ECB0F0006876D /* Info.plist */,
				9824251F212ECB0F0006876D /* main.m */,
				982425AF213517EF0006876D /* PrefixHeader.pch */,
			);
			path = SNNavigationController;
			sourceTree = "<group>";
		};
		98242528212ECB0F0006876D /* SNNavigationControllerTests */ = {
			isa = PBXGroup;
			children = (
				98242529212ECB0F0006876D /* SNNavigationControllerTests.m */,
				9824252B212ECB0F0006876D /* Info.plist */,
			);
			path = SNNavigationControllerTests;
			sourceTree = "<group>";
		};
		98242533212ECB0F0006876D /* SNNavigationControllerUITests */ = {
			isa = PBXGroup;
			children = (
				98242534212ECB0F0006876D /* SNNavigationControllerUITests.m */,
				98242536212ECB0F0006876D /* Info.plist */,
			);
			path = SNNavigationControllerUITests;
			sourceTree = "<group>";
		};
		98242545212ECBB90006876D /* SNNavigationController */ = {
			isa = PBXGroup;
			children = (
				982425D32137A8BD0006876D /* SNNavigationTransition */,
				982425D22137A87B0006876D /* SNNavigationBar */,
				9819AE612179E23000188D40 /* Tools */,
			);
			path = SNNavigationController;
			sourceTree = "<group>";
		};
		982425D22137A87B0006876D /* SNNavigationBar */ = {
			isa = PBXGroup;
			children = (
				982425B421354A740006876D /* SNNavigationBar.h */,
				982425B521354A740006876D /* SNNavigationBar.m */,
				98F7A8482148BA4700C7624F /* SNNavigationItem.h */,
				98F7A8492148BA4700C7624F /* SNNavigationItem.m */,
			);
			path = SNNavigationBar;
			sourceTree = "<group>";
		};
		982425D32137A8BD0006876D /* SNNavigationTransition */ = {
			isa = PBXGroup;
			children = (
				982425E32137BF9F0006876D /* UINavigationController+SNNavigationTransition.h */,
				982425E42137BF9F0006876D /* UINavigationController+SNNavigationTransition.m */,
				9817CCFA217F1BDD00A3C307 /* UITabBarController+SNNavigationTransition.h */,
				9817CCFB217F1BDD00A3C307 /* UITabBarController+SNNavigationTransition.m */,
				982425E62137C1730006876D /* UIViewController+SNNavigationTransition.h */,
				982425E72137C1730006876D /* UIViewController+SNNavigationTransition.m */,
				982425F5213922470006876D /* SNNavigationNavigationBarPushPopTransitionAnimation.h */,
				982425F6213922470006876D /* SNNavigationNavigationBarPushPopTransitionAnimation.m */,
				982425D72137BA900006876D /* SNNavigationTransitionDelegate.h */,
				982425D82137BA900006876D /* SNNavigationTransitionDelegate.m */,
				982425DD2137BD9F0006876D /* SNNavigationPushTransitionAnimation.h */,
				982425DE2137BD9F0006876D /* SNNavigationPushTransitionAnimation.m */,
				982425F8213934F00006876D /* SNNavigationPopLeftTransitionAnimation.h */,
				982425F9213934F00006876D /* SNNavigationPopLeftTransitionAnimation.m */,
				982425F2213912410006876D /* SNNavigationPopRightTransitionAnimation.h */,
				982425F3213912410006876D /* SNNavigationPopRightTransitionAnimation.m */,
				982425DA2137BB100006876D /* SNTransitionAnimationController.h */,
				982425DB2137BB100006876D /* SNTransitionAnimationController.m */,
				982425EC2137C3900006876D /* SNTransitionInteractionController.h */,
				982425ED2137C3900006876D /* SNTransitionInteractionController.m */,
			);
			path = SNNavigationTransition;
			sourceTree = "<group>";
		};
/* End PBXGroup section */

/* Begin PBXNativeTarget section */
		9824250C212ECB0D0006876D /* SNNavigationController */ = {
			isa = PBXNativeTarget;
			buildConfigurationList = 98242539212ECB0F0006876D /* Build configuration list for PBXNativeTarget "SNNavigationController" */;
			buildPhases = (
				B19B7EBE00680F81104189E4 /* [CP] Check Pods Manifest.lock */,
				98242509212ECB0D0006876D /* Sources */,
				9824250A212ECB0D0006876D /* Frameworks */,
				9824250B212ECB0D0006876D /* Resources */,
			);
			buildRules = (
			);
			dependencies = (
			);
			name = SNNavigationController;
			productName = SNNavigationController;
			productReference = 9824250D212ECB0D0006876D /* SNNavigationController.app */;
			productType = "com.apple.product-type.application";
		};
		98242524212ECB0F0006876D /* SNNavigationControllerTests */ = {
			isa = PBXNativeTarget;
			buildConfigurationList = 9824253C212ECB0F0006876D /* Build configuration list for PBXNativeTarget "SNNavigationControllerTests" */;
			buildPhases = (
				B5555B1230FCDBE4E27A4FEC /* [CP] Check Pods Manifest.lock */,
				98242521212ECB0F0006876D /* Sources */,
				98242522212ECB0F0006876D /* Frameworks */,
				98242523212ECB0F0006876D /* Resources */,
			);
			buildRules = (
			);
			dependencies = (
				98242527212ECB0F0006876D /* PBXTargetDependency */,
			);
			name = SNNavigationControllerTests;
			productName = SNNavigationControllerTests;
			productReference = 98242525212ECB0F0006876D /* SNNavigationControllerTests.xctest */;
			productType = "com.apple.product-type.bundle.unit-test";
		};
		9824252F212ECB0F0006876D /* SNNavigationControllerUITests */ = {
			isa = PBXNativeTarget;
			buildConfigurationList = 9824253F212ECB0F0006876D /* Build configuration list for PBXNativeTarget "SNNavigationControllerUITests" */;
			buildPhases = (
				6D2E16D0680DFAA722E4824F /* [CP] Check Pods Manifest.lock */,
				9824252C212ECB0F0006876D /* Sources */,
				9824252D212ECB0F0006876D /* Frameworks */,
				9824252E212ECB0F0006876D /* Resources */,
			);
			buildRules = (
			);
			dependencies = (
				98242532212ECB0F0006876D /* PBXTargetDependency */,
			);
			name = SNNavigationControllerUITests;
			productName = SNNavigationControllerUITests;
			productReference = 98242530212ECB0F0006876D /* SNNavigationControllerUITests.xctest */;
			productType = "com.apple.product-type.bundle.ui-testing";
		};
/* End PBXNativeTarget section */

/* Begin PBXProject section */
		98242505212ECB0C0006876D /* Project object */ = {
			isa = PBXProject;
			attributes = {
				LastUpgradeCheck = 0940;
				ORGANIZATIONNAME = snlo;
				TargetAttributes = {
					9824250C212ECB0D0006876D = {
						CreatedOnToolsVersion = 9.4.1;
					};
					98242524212ECB0F0006876D = {
						CreatedOnToolsVersion = 9.4.1;
						TestTargetID = 9824250C212ECB0D0006876D;
					};
					9824252F212ECB0F0006876D = {
						CreatedOnToolsVersion = 9.4.1;
						TestTargetID = 9824250C212ECB0D0006876D;
					};
				};
			};
			buildConfigurationList = 98242508212ECB0C0006876D /* Build configuration list for PBXProject "SNNavigationController" */;
			compatibilityVersion = "Xcode 9.3";
			developmentRegion = en;
			hasScannedForEncodings = 0;
			knownRegions = (
				en,
				Base,
			);
			mainGroup = 98242504212ECB0C0006876D;
			productRefGroup = 9824250E212ECB0D0006876D /* Products */;
			projectDirPath = "";
			projectRoot = "";
			targets = (
				9824250C212ECB0D0006876D /* SNNavigationController */,
				98242524212ECB0F0006876D /* SNNavigationControllerTests */,
				9824252F212ECB0F0006876D /* SNNavigationControllerUITests */,
			);
		};
/* End PBXProject section */

/* Begin PBXResourcesBuildPhase section */
		9824250B212ECB0D0006876D /* Resources */ = {
			isa = PBXResourcesBuildPhase;
			buildActionMask = 2147483647;
			files = (
				9824251D212ECB0F0006876D /* LaunchScreen.storyboard in Resources */,
				9817CCF6217DBCA400A3C307 /* InterViewController.xib in Resources */,
				9824251A212ECB0F0006876D /* Assets.xcassets in Resources */,
				9817CCE3217DAE5500A3C307 /* ViewControllerCell.xib in Resources */,
				98242518212ECB0D0006876D /* Main.storyboard in Resources */,
			);
			runOnlyForDeploymentPostprocessing = 0;
		};
		98242523212ECB0F0006876D /* Resources */ = {
			isa = PBXResourcesBuildPhase;
			buildActionMask = 2147483647;
			files = (
			);
			runOnlyForDeploymentPostprocessing = 0;
		};
		9824252E212ECB0F0006876D /* Resources */ = {
			isa = PBXResourcesBuildPhase;
			buildActionMask = 2147483647;
			files = (
			);
			runOnlyForDeploymentPostprocessing = 0;
		};
/* End PBXResourcesBuildPhase section */

/* Begin PBXShellScriptBuildPhase section */
		6D2E16D0680DFAA722E4824F /* [CP] Check Pods Manifest.lock */ = {
			isa = PBXShellScriptBuildPhase;
			buildActionMask = 2147483647;
			files = (
			);
			inputPaths = (
				"${PODS_PODFILE_DIR_PATH}/Podfile.lock",
				"${PODS_ROOT}/Manifest.lock",
			);
			name = "[CP] Check Pods Manifest.lock";
			outputPaths = (
				"$(DERIVED_FILE_DIR)/Pods-SNNavigationControllerUITests-checkManifestLockResult.txt",
			);
			runOnlyForDeploymentPostprocessing = 0;
			shellPath = /bin/sh;
			shellScript = "diff \"${PODS_PODFILE_DIR_PATH}/Podfile.lock\" \"${PODS_ROOT}/Manifest.lock\" > /dev/null\nif [ $? != 0 ] ; then\n    # print error to STDERR\n    echo \"error: The sandbox is not in sync with the Podfile.lock. Run 'pod install' or update your CocoaPods installation.\" >&2\n    exit 1\nfi\n# This output is used by Xcode 'outputs' to avoid re-running this script phase.\necho \"SUCCESS\" > \"${SCRIPT_OUTPUT_FILE_0}\"\n";
			showEnvVarsInLog = 0;
		};
		B19B7EBE00680F81104189E4 /* [CP] Check Pods Manifest.lock */ = {
			isa = PBXShellScriptBuildPhase;
			buildActionMask = 2147483647;
			files = (
			);
			inputPaths = (
				"${PODS_PODFILE_DIR_PATH}/Podfile.lock",
				"${PODS_ROOT}/Manifest.lock",
			);
			name = "[CP] Check Pods Manifest.lock";
			outputPaths = (
				"$(DERIVED_FILE_DIR)/Pods-SNNavigationController-checkManifestLockResult.txt",
			);
			runOnlyForDeploymentPostprocessing = 0;
			shellPath = /bin/sh;
			shellScript = "diff \"${PODS_PODFILE_DIR_PATH}/Podfile.lock\" \"${PODS_ROOT}/Manifest.lock\" > /dev/null\nif [ $? != 0 ] ; then\n    # print error to STDERR\n    echo \"error: The sandbox is not in sync with the Podfile.lock. Run 'pod install' or update your CocoaPods installation.\" >&2\n    exit 1\nfi\n# This output is used by Xcode 'outputs' to avoid re-running this script phase.\necho \"SUCCESS\" > \"${SCRIPT_OUTPUT_FILE_0}\"\n";
			showEnvVarsInLog = 0;
		};
		B5555B1230FCDBE4E27A4FEC /* [CP] Check Pods Manifest.lock */ = {
			isa = PBXShellScriptBuildPhase;
			buildActionMask = 2147483647;
			files = (
			);
			inputPaths = (
				"${PODS_PODFILE_DIR_PATH}/Podfile.lock",
				"${PODS_ROOT}/Manifest.lock",
			);
			name = "[CP] Check Pods Manifest.lock";
			outputPaths = (
				"$(DERIVED_FILE_DIR)/Pods-SNNavigationControllerTests-checkManifestLockResult.txt",
			);
			runOnlyForDeploymentPostprocessing = 0;
			shellPath = /bin/sh;
			shellScript = "diff \"${PODS_PODFILE_DIR_PATH}/Podfile.lock\" \"${PODS_ROOT}/Manifest.lock\" > /dev/null\nif [ $? != 0 ] ; then\n    # print error to STDERR\n    echo \"error: The sandbox is not in sync with the Podfile.lock. Run 'pod install' or update your CocoaPods installation.\" >&2\n    exit 1\nfi\n# This output is used by Xcode 'outputs' to avoid re-running this script phase.\necho \"SUCCESS\" > \"${SCRIPT_OUTPUT_FILE_0}\"\n";
			showEnvVarsInLog = 0;
		};
/* End PBXShellScriptBuildPhase section */

/* Begin PBXSourcesBuildPhase section */
		98242509212ECB0D0006876D /* Sources */ = {
			isa = PBXSourcesBuildPhase;
			buildActionMask = 2147483647;
			files = (
				9817CCF1217DBC1000A3C307 /* SecondViewController.m in Sources */,
				9817CCE2217DAE5500A3C307 /* ViewControllerCell.m in Sources */,
				982425DC2137BB100006876D /* SNTransitionAnimationController.m in Sources */,
				982425E52137BF9F0006876D /* UINavigationController+SNNavigationTransition.m in Sources */,
				9817CD072180510600A3C307 /* FourthViewController.m in Sources */,
				9817CD042180439000A3C307 /* ThirdViewController.m in Sources */,
				982425D92137BA900006876D /* SNNavigationTransitionDelegate.m in Sources */,
				9817CCEE217DBC0000A3C307 /* FirstViewController.m in Sources */,
				9817CCF5217DBCA400A3C307 /* InterViewController.m in Sources */,
				9817CCEB217DBB3600A3C307 /* kTabBarController.m in Sources */,
				982425F7213922480006876D /* SNNavigationNavigationBarPushPopTransitionAnimation.m in Sources */,
				98F7A84A2148BA4700C7624F /* SNNavigationItem.m in Sources */,
				982425F4213912410006876D /* SNNavigationPopRightTransitionAnimation.m in Sources */,
				9817CCF9217DC10B00A3C307 /* ChangeToTabBarViewController.m in Sources */,
				9817CCFC217F1BDD00A3C307 /* UITabBarController+SNNavigationTransition.m in Sources */,
				98242557212EDCD40006876D /* SNNavigationControllerTool.m in Sources */,
				982425B621354A740006876D /* SNNavigationBar.m in Sources */,
				982425DF2137BD9F0006876D /* SNNavigationPushTransitionAnimation.m in Sources */,
				982425FA213934F00006876D /* SNNavigationPopLeftTransitionAnimation.m in Sources */,
				98242515212ECB0D0006876D /* ViewController.m in Sources */,
				982425E82137C1730006876D /* UIViewController+SNNavigationTransition.m in Sources */,
				98242520212ECB0F0006876D /* main.m in Sources */,
				9817CCE8217DBA8700A3C307 /* kNavigationController.m in Sources */,
				982425EE2137C3900006876D /* SNTransitionInteractionController.m in Sources */,
				98242512212ECB0D0006876D /* AppDelegate.m in Sources */,
			);
			runOnlyForDeploymentPostprocessing = 0;
		};
		98242521212ECB0F0006876D /* Sources */ = {
			isa = PBXSourcesBuildPhase;
			buildActionMask = 2147483647;
			files = (
				9824252A212ECB0F0006876D /* SNNavigationControllerTests.m in Sources */,
			);
			runOnlyForDeploymentPostprocessing = 0;
		};
		9824252C212ECB0F0006876D /* Sources */ = {
			isa = PBXSourcesBuildPhase;
			buildActionMask = 2147483647;
			files = (
				98242535212ECB0F0006876D /* SNNavigationControllerUITests.m in Sources */,
			);
			runOnlyForDeploymentPostprocessing = 0;
		};
/* End PBXSourcesBuildPhase section */

/* Begin PBXTargetDependency section */
		98242527212ECB0F0006876D /* PBXTargetDependency */ = {
			isa = PBXTargetDependency;
			target = 9824250C212ECB0D0006876D /* SNNavigationController */;
			targetProxy = 98242526212ECB0F0006876D /* PBXContainerItemProxy */;
		};
		98242532212ECB0F0006876D /* PBXTargetDependency */ = {
			isa = PBXTargetDependency;
			target = 9824250C212ECB0D0006876D /* SNNavigationController */;
			targetProxy = 98242531212ECB0F0006876D /* PBXContainerItemProxy */;
		};
/* End PBXTargetDependency section */

/* Begin PBXVariantGroup section */
		98242516212ECB0D0006876D /* Main.storyboard */ = {
			isa = PBXVariantGroup;
			children = (
				98242517212ECB0D0006876D /* Base */,
			);
			name = Main.storyboard;
			sourceTree = "<group>";
		};
		9824251B212ECB0F0006876D /* LaunchScreen.storyboard */ = {
			isa = PBXVariantGroup;
			children = (
				9824251C212ECB0F0006876D /* Base */,
			);
			name = LaunchScreen.storyboard;
			sourceTree = "<group>";
		};
/* End PBXVariantGroup section */

/* Begin XCBuildConfiguration section */
		98242537212ECB0F0006876D /* Debug */ = {
			isa = XCBuildConfiguration;
			buildSettings = {
				ALWAYS_SEARCH_USER_PATHS = NO;
				CLANG_ANALYZER_NONNULL = YES;
				CLANG_ANALYZER_NUMBER_OBJECT_CONVERSION = YES_AGGRESSIVE;
				CLANG_CXX_LANGUAGE_STANDARD = "gnu++14";
				CLANG_CXX_LIBRARY = "libc++";
				CLANG_ENABLE_MODULES = YES;
				CLANG_ENABLE_OBJC_ARC = YES;
				CLANG_ENABLE_OBJC_WEAK = YES;
				CLANG_WARN_BLOCK_CAPTURE_AUTORELEASING = YES;
				CLANG_WARN_BOOL_CONVERSION = YES;
				CLANG_WARN_COMMA = YES;
				CLANG_WARN_CONSTANT_CONVERSION = YES;
				CLANG_WARN_DEPRECATED_OBJC_IMPLEMENTATIONS = YES;
				CLANG_WARN_DIRECT_OBJC_ISA_USAGE = YES_ERROR;
				CLANG_WARN_DOCUMENTATION_COMMENTS = YES;
				CLANG_WARN_EMPTY_BODY = YES;
				CLANG_WARN_ENUM_CONVERSION = YES;
				CLANG_WARN_INFINITE_RECURSION = YES;
				CLANG_WARN_INT_CONVERSION = YES;
				CLANG_WARN_NON_LITERAL_NULL_CONVERSION = YES;
				CLANG_WARN_OBJC_IMPLICIT_RETAIN_SELF = YES;
				CLANG_WARN_OBJC_LITERAL_CONVERSION = YES;
				CLANG_WARN_OBJC_ROOT_CLASS = YES_ERROR;
				CLANG_WARN_RANGE_LOOP_ANALYSIS = YES;
				CLANG_WARN_STRICT_PROTOTYPES = YES;
				CLANG_WARN_SUSPICIOUS_MOVE = YES;
				CLANG_WARN_UNGUARDED_AVAILABILITY = YES_AGGRESSIVE;
				CLANG_WARN_UNREACHABLE_CODE = YES;
				CLANG_WARN__DUPLICATE_METHOD_MATCH = YES;
				CODE_SIGN_IDENTITY = "iPhone Developer";
				COPY_PHASE_STRIP = NO;
				DEBUG_INFORMATION_FORMAT = dwarf;
				ENABLE_STRICT_OBJC_MSGSEND = YES;
				ENABLE_TESTABILITY = YES;
				GCC_C_LANGUAGE_STANDARD = gnu11;
				GCC_DYNAMIC_NO_PIC = NO;
				GCC_NO_COMMON_BLOCKS = YES;
				GCC_OPTIMIZATION_LEVEL = 0;
				GCC_PREPROCESSOR_DEFINITIONS = (
					"DEBUG=1",
					"$(inherited)",
				);
				GCC_WARN_64_TO_32_BIT_CONVERSION = YES;
				GCC_WARN_ABOUT_RETURN_TYPE = YES_ERROR;
				GCC_WARN_UNDECLARED_SELECTOR = YES;
				GCC_WARN_UNINITIALIZED_AUTOS = YES_AGGRESSIVE;
				GCC_WARN_UNUSED_FUNCTION = YES;
				GCC_WARN_UNUSED_VARIABLE = YES;
				IPHONEOS_DEPLOYMENT_TARGET = 11.4;
				MTL_ENABLE_DEBUG_INFO = YES;
				ONLY_ACTIVE_ARCH = YES;
				SDKROOT = iphoneos;
			};
			name = Debug;
		};
		98242538212ECB0F0006876D /* Release */ = {
			isa = XCBuildConfiguration;
			buildSettings = {
				ALWAYS_SEARCH_USER_PATHS = NO;
				CLANG_ANALYZER_NONNULL = YES;
				CLANG_ANALYZER_NUMBER_OBJECT_CONVERSION = YES_AGGRESSIVE;
				CLANG_CXX_LANGUAGE_STANDARD = "gnu++14";
				CLANG_CXX_LIBRARY = "libc++";
				CLANG_ENABLE_MODULES = YES;
				CLANG_ENABLE_OBJC_ARC = YES;
				CLANG_ENABLE_OBJC_WEAK = YES;
				CLANG_WARN_BLOCK_CAPTURE_AUTORELEASING = YES;
				CLANG_WARN_BOOL_CONVERSION = YES;
				CLANG_WARN_COMMA = YES;
				CLANG_WARN_CONSTANT_CONVERSION = YES;
				CLANG_WARN_DEPRECATED_OBJC_IMPLEMENTATIONS = YES;
				CLANG_WARN_DIRECT_OBJC_ISA_USAGE = YES_ERROR;
				CLANG_WARN_DOCUMENTATION_COMMENTS = YES;
				CLANG_WARN_EMPTY_BODY = YES;
				CLANG_WARN_ENUM_CONVERSION = YES;
				CLANG_WARN_INFINITE_RECURSION = YES;
				CLANG_WARN_INT_CONVERSION = YES;
				CLANG_WARN_NON_LITERAL_NULL_CONVERSION = YES;
				CLANG_WARN_OBJC_IMPLICIT_RETAIN_SELF = YES;
				CLANG_WARN_OBJC_LITERAL_CONVERSION = YES;
				CLANG_WARN_OBJC_ROOT_CLASS = YES_ERROR;
				CLANG_WARN_RANGE_LOOP_ANALYSIS = YES;
				CLANG_WARN_STRICT_PROTOTYPES = YES;
				CLANG_WARN_SUSPICIOUS_MOVE = YES;
				CLANG_WARN_UNGUARDED_AVAILABILITY = YES_AGGRESSIVE;
				CLANG_WARN_UNREACHABLE_CODE = YES;
				CLANG_WARN__DUPLICATE_METHOD_MATCH = YES;
				CODE_SIGN_IDENTITY = "iPhone Developer";
				COPY_PHASE_STRIP = NO;
				DEBUG_INFORMATION_FORMAT = "dwarf-with-dsym";
				ENABLE_NS_ASSERTIONS = NO;
				ENABLE_STRICT_OBJC_MSGSEND = YES;
				GCC_C_LANGUAGE_STANDARD = gnu11;
				GCC_NO_COMMON_BLOCKS = YES;
				GCC_WARN_64_TO_32_BIT_CONVERSION = YES;
				GCC_WARN_ABOUT_RETURN_TYPE = YES_ERROR;
				GCC_WARN_UNDECLARED_SELECTOR = YES;
				GCC_WARN_UNINITIALIZED_AUTOS = YES_AGGRESSIVE;
				GCC_WARN_UNUSED_FUNCTION = YES;
				GCC_WARN_UNUSED_VARIABLE = YES;
				IPHONEOS_DEPLOYMENT_TARGET = 11.4;
				MTL_ENABLE_DEBUG_INFO = NO;
				SDKROOT = iphoneos;
				VALIDATE_PRODUCT = YES;
			};
			name = Release;
		};
		9824253A212ECB0F0006876D /* Debug */ = {
			isa = XCBuildConfiguration;
			baseConfigurationReference = D764AEE40A48C6351A004C5B /* Pods-SNNavigationController.debug.xcconfig */;
			buildSettings = {
				ASSETCATALOG_COMPILER_APPICON_NAME = AppIcon;
				CODE_SIGN_STYLE = Automatic;
				DEVELOPMENT_TEAM = 49VK52PYYX;
				GCC_PREFIX_HEADER = "$(SRCROOT)/SNNavigationController/PrefixHeader.pch";
				INFOPLIST_FILE = SNNavigationController/Info.plist;
				LD_RUNPATH_SEARCH_PATHS = (
					"$(inherited)",
					"@executable_path/Frameworks",
				);
				PRODUCT_BUNDLE_IDENTIFIER = snlo.SNNavigationController;
				PRODUCT_NAME = "$(TARGET_NAME)";
				TARGETED_DEVICE_FAMILY = "1,2";
			};
			name = Debug;
		};
		9824253B212ECB0F0006876D /* Release */ = {
			isa = XCBuildConfiguration;
			baseConfigurationReference = C6532BFB38D370291198AECB /* Pods-SNNavigationController.release.xcconfig */;
			buildSettings = {
				ASSETCATALOG_COMPILER_APPICON_NAME = AppIcon;
				CODE_SIGN_STYLE = Automatic;
				DEVELOPMENT_TEAM = 49VK52PYYX;
				GCC_PREFIX_HEADER = "$(SRCROOT)/SNNavigationController/PrefixHeader.pch";
				INFOPLIST_FILE = SNNavigationController/Info.plist;
				LD_RUNPATH_SEARCH_PATHS = (
					"$(inherited)",
					"@executable_path/Frameworks",
				);
				PRODUCT_BUNDLE_IDENTIFIER = snlo.SNNavigationController;
				PRODUCT_NAME = "$(TARGET_NAME)";
				TARGETED_DEVICE_FAMILY = "1,2";
			};
			name = Release;
		};
		9824253D212ECB0F0006876D /* Debug */ = {
			isa = XCBuildConfiguration;
			baseConfigurationReference = 37259AB3C37730B3C134F9B8 /* Pods-SNNavigationControllerTests.debug.xcconfig */;
			buildSettings = {
				BUNDLE_LOADER = "$(TEST_HOST)";
				CODE_SIGN_STYLE = Automatic;
				INFOPLIST_FILE = SNNavigationControllerTests/Info.plist;
				LD_RUNPATH_SEARCH_PATHS = (
					"$(inherited)",
					"@executable_path/Frameworks",
					"@loader_path/Frameworks",
				);
				PRODUCT_BUNDLE_IDENTIFIER = snlo.SNNavigationControllerTests;
				PRODUCT_NAME = "$(TARGET_NAME)";
				TARGETED_DEVICE_FAMILY = "1,2";
				TEST_HOST = "$(BUILT_PRODUCTS_DIR)/SNNavigationController.app/SNNavigationController";
			};
			name = Debug;
		};
		9824253E212ECB0F0006876D /* Release */ = {
			isa = XCBuildConfiguration;
			baseConfigurationReference = 3BBC231FF5D02FE5AAF4B4D6 /* Pods-SNNavigationControllerTests.release.xcconfig */;
			buildSettings = {
				BUNDLE_LOADER = "$(TEST_HOST)";
				CODE_SIGN_STYLE = Automatic;
				INFOPLIST_FILE = SNNavigationControllerTests/Info.plist;
				LD_RUNPATH_SEARCH_PATHS = (
					"$(inherited)",
					"@executable_path/Frameworks",
					"@loader_path/Frameworks",
				);
				PRODUCT_BUNDLE_IDENTIFIER = snlo.SNNavigationControllerTests;
				PRODUCT_NAME = "$(TARGET_NAME)";
				TARGETED_DEVICE_FAMILY = "1,2";
				TEST_HOST = "$(BUILT_PRODUCTS_DIR)/SNNavigationController.app/SNNavigationController";
			};
			name = Release;
		};
		98242540212ECB0F0006876D /* Debug */ = {
			isa = XCBuildConfiguration;
			baseConfigurationReference = E881B6CFB354ECF5EA7A1C49 /* Pods-SNNavigationControllerUITests.debug.xcconfig */;
			buildSettings = {
				CODE_SIGN_STYLE = Automatic;
				INFOPLIST_FILE = SNNavigationControllerUITests/Info.plist;
				LD_RUNPATH_SEARCH_PATHS = (
					"$(inherited)",
					"@executable_path/Frameworks",
					"@loader_path/Frameworks",
				);
				PRODUCT_BUNDLE_IDENTIFIER = snlo.SNNavigationControllerUITests;
				PRODUCT_NAME = "$(TARGET_NAME)";
				TARGETED_DEVICE_FAMILY = "1,2";
				TEST_TARGET_NAME = SNNavigationController;
			};
			name = Debug;
		};
		98242541212ECB0F0006876D /* Release */ = {
			isa = XCBuildConfiguration;
			baseConfigurationReference = FC4F13BE2A9677785EFD6BE4 /* Pods-SNNavigationControllerUITests.release.xcconfig */;
			buildSettings = {
				CODE_SIGN_STYLE = Automatic;
				INFOPLIST_FILE = SNNavigationControllerUITests/Info.plist;
				LD_RUNPATH_SEARCH_PATHS = (
					"$(inherited)",
					"@executable_path/Frameworks",
					"@loader_path/Frameworks",
				);
				PRODUCT_BUNDLE_IDENTIFIER = snlo.SNNavigationControllerUITests;
				PRODUCT_NAME = "$(TARGET_NAME)";
				TARGETED_DEVICE_FAMILY = "1,2";
				TEST_TARGET_NAME = SNNavigationController;
			};
			name = Release;
		};
/* End XCBuildConfiguration section */

/* Begin XCConfigurationList section */
		98242508212ECB0C0006876D /* Build configuration list for PBXProject "SNNavigationController" */ = {
			isa = XCConfigurationList;
			buildConfigurations = (
				98242537212ECB0F0006876D /* Debug */,
				98242538212ECB0F0006876D /* Release */,
			);
			defaultConfigurationIsVisible = 0;
			defaultConfigurationName = Release;
		};
		98242539212ECB0F0006876D /* Build configuration list for PBXNativeTarget "SNNavigationController" */ = {
			isa = XCConfigurationList;
			buildConfigurations = (
				9824253A212ECB0F0006876D /* Debug */,
				9824253B212ECB0F0006876D /* Release */,
			);
			defaultConfigurationIsVisible = 0;
			defaultConfigurationName = Release;
		};
		9824253C212ECB0F0006876D /* Build configuration list for PBXNativeTarget "SNNavigationControllerTests" */ = {
			isa = XCConfigurationList;
			buildConfigurations = (
				9824253D212ECB0F0006876D /* Debug */,
				9824253E212ECB0F0006876D /* Release */,
			);
			defaultConfigurationIsVisible = 0;
			defaultConfigurationName = Release;
		};
		9824253F212ECB0F0006876D /* Build configuration list for PBXNativeTarget "SNNavigationControllerUITests" */ = {
			isa = XCConfigurationList;
			buildConfigurations = (
				98242540212ECB0F0006876D /* Debug */,
				98242541212ECB0F0006876D /* Release */,
			);
			defaultConfigurationIsVisible = 0;
			defaultConfigurationName = Release;
		};
/* End XCConfigurationList section */
	};
	rootObject = 98242505212ECB0C0006876D /* Project object */;
}
